
Microsoft Visual Studio Solution File, Format Version 12.00
# Visual Studio Version 16
VisualStudioVersion = 16.0.29806.167
MinimumVisualStudioVersion = 10.0.40219.1
Project("{2150E333-8FDC-42A3-9474-1A3956D46DE8}") = "test", "test", "{3C34AD39-6105-4C21-81C3-CF4AEA4A24CB}"
EndProject
Project("{9A19103F-16F7-4668-BE54-9A1E7A4F7556}") = "Dry.Grpc.Test", "Test\Dry.Grpc.Test\Dry.Grpc.Test.csproj", "{CF0CBFA4-7DE2-40C9-BD11-5ABFDA1B5F24}"
EndProject
Project("{9A19103F-16F7-4668-BE54-9A1E7A4F7556}") = "Dry.ProtobufGrpc.Contracts", "Test\Dry.ProtobufGrpc.Contracts\Dry.ProtobufGrpc.Contracts.csproj", "{206C086E-891E-4C6C-B90D-D213AA6A6FA0}"
EndProject
Project("{9A19103F-16F7-4668-BE54-9A1E7A4F7556}") = "Dry.ProtobufGrpc.Service", "Test\Dry.ProtobufGrpc.Service\Dry.ProtobufGrpc.Service.csproj", "{F1C0C56D-3307-48C1-AA3F-39A976C84FED}"
EndProject
Project("{9A19103F-16F7-4668-BE54-9A1E7A4F7556}") = "Dry.ProtobufGrpc.Client", "Test\Dry.ProtobufGrpc.Client\Dry.ProtobufGrpc.Client.csproj", "{BF17A9A5-8BD0-4BF5-833C-D80FDE40511C}"
EndProject
Project("{2150E333-8FDC-42A3-9474-1A3956D46DE8}") = "src", "src", "{A4FF2133-84BD-4249-9992-1EE97EBD520E}"
EndProject
Project("{9A19103F-16F7-4668-BE54-9A1E7A4F7556}") = "Dry.Core", "src\Dry.Core\Dry.Core.csproj", "{0D19F260-D6E7-4A84-BADB-FEC1CBDE3911}"
EndProject
Project("{9A19103F-16F7-4668-BE54-9A1E7A4F7556}") = "Dry.EF", "src\Dry.EF\Dry.EF.csproj", "{01367A92-45C2-4A11-B288-4D16B5522852}"
EndProject
Project("{9A19103F-16F7-4668-BE54-9A1E7A4F7556}") = "Dry.Domain", "src\Dry.Domain\Dry.Domain.csproj", "{A15C64DC-A0EE-4C4D-ACC2-E49BF30E2094}"
EndProject
Project("{9A19103F-16F7-4668-BE54-9A1E7A4F7556}") = "Dry.Application.Contracts", "src\Dry.Application.Contracts\Dry.Application.Contracts.csproj", "{10DB883D-D2AB-4312-A2DB-115B6EBBE0F6}"
EndProject
Project("{9A19103F-16F7-4668-BE54-9A1E7A4F7556}") = "Dry.Application", "src\Dry.Application\Dry.Application.csproj", "{7E0E04A8-B92A-4CFF-97A7-CD4024B6B736}"
EndProject
Project("{9A19103F-16F7-4668-BE54-9A1E7A4F7556}") = "Dry.Application.RESTFul.Api", "src\Dry.Application.RESTFul.Api\Dry.Application.RESTFul.Api.csproj", "{7F6F5153-3449-489C-AA3F-4797867AE6FC}"
EndProject
Project("{9A19103F-16F7-4668-BE54-9A1E7A4F7556}") = "Dry.Application.RESTFul.Client", "src\Dry.Application.RESTFul.Client\Dry.Application.RESTFul.Client.csproj", "{368851DD-E8DB-4082-9C15-7F6AD544A7CA}"
EndProject
Project("{9A19103F-16F7-4668-BE54-9A1E7A4F7556}") = "Dry.Grpc.Client", "src\Dry.Grpc.Client\Dry.Grpc.Client.csproj", "{CF243174-1334-4404-92BB-2A5C0134A690}"
EndProject
Project("{9A19103F-16F7-4668-BE54-9A1E7A4F7556}") = "Dry.Mvc", "src\Dry.Mvc\Dry.Mvc.csproj", "{0FDB7507-3B3D-4F74-8FFB-6443EA0B0CC5}"
EndProject
Project("{9A19103F-16F7-4668-BE54-9A1E7A4F7556}") = "Dry.Serilog", "src\Dry.Serilog\Dry.Serilog.csproj", "{CA92B82E-8012-44A6-8F01-EA8FBD44912F}"
EndProject
Project("{9A19103F-16F7-4668-BE54-9A1E7A4F7556}") = "Dry.Swagger", "src\Dry.Swagger\Dry.Swagger.csproj", "{A3A1E9B2-8D32-40AF-9A85-DA0756E03F97}"
EndProject
Project("{2150E333-8FDC-42A3-9474-1A3956D46DE8}") = "app", "app", "{4B6D7D6B-9867-4E0B-9998-F6C112EA7466}"
EndProject
Project("{2150E333-8FDC-42A3-9474-1A3956D46DE8}") = "Admin", "Admin", "{E1EA20BB-B8C7-468F-8B9B-E83578E27D4C}"
EndProject
Project("{9A19103F-16F7-4668-BE54-9A1E7A4F7556}") = "Dry.Admin.Domain", "app\Admin\Dry.Admin.Domain\Dry.Admin.Domain.csproj", "{79A0A264-925C-41C5-801C-81C8545FC314}"
EndProject
Project("{9A19103F-16F7-4668-BE54-9A1E7A4F7556}") = "Dry.Admin.EF", "app\Admin\Dry.Admin.EF\Dry.Admin.EF.csproj", "{8E2A8D46-7F24-44CD-A1DB-B81EEC1D1D2A}"
EndProject
Project("{9A19103F-16F7-4668-BE54-9A1E7A4F7556}") = "Dry.Admin.Application.Contracts", "app\Admin\Dry.Admin.Application.Contracts\Dry.Admin.Application.Contracts.csproj", "{76874495-C4BB-49C8-B461-F594FBCAA080}"
EndProject
Project("{9A19103F-16F7-4668-BE54-9A1E7A4F7556}") = "Dry.Admin.Application", "app\Admin\Dry.Admin.Application\Dry.Admin.Application.csproj", "{3C371B08-235C-455F-805A-CA5154019DAC}"
EndProject
Project("{9A19103F-16F7-4668-BE54-9A1E7A4F7556}") = "Dry.Admin.EF.SqlServer", "app\Admin\Dry.Admin.EF.SqlServer\Dry.Admin.EF.SqlServer.csproj", "{748C1ADA-5D7E-45EF-A0C2-B65DD1235750}"
EndProject
Project("{9A19103F-16F7-4668-BE54-9A1E7A4F7556}") = "Dry.Admin.Application.RESTFul.Api", "app\Admin\Dry.Admin.Application.RESTFul.Api\Dry.Admin.Application.RESTFul.Api.csproj", "{C108AE49-8E20-405F-B8FF-BDE58DC7922F}"
EndProject
Project("{9A19103F-16F7-4668-BE54-9A1E7A4F7556}") = "Dry.Admin.EF.Sqlite", "app\Admin\Dry.Admin.EF.Sqlite\Dry.Admin.EF.Sqlite.csproj", "{BE392E84-4356-4E93-9D94-B07A5AD8AE9E}"
EndProject
Project("{9A19103F-16F7-4668-BE54-9A1E7A4F7556}") = "Dry.Admin.Application.RESTFul.Client", "app\Admin\Dry.Admin.Application.RESTFul.Client\Dry.Admin.Application.RESTFul.Client.csproj", "{AB2B26AB-4E6D-4F5C-949C-00C655B88ADB}"
EndProject
Project("{9A19103F-16F7-4668-BE54-9A1E7A4F7556}") = "Dry.Admin.Wasm", "app\Admin\Dry.Admin.Wasm\Dry.Admin.Wasm.csproj", "{9F0093B4-AE13-4529-917F-B14EC7A2B1DC}"
EndProject
Project("{9A19103F-16F7-4668-BE54-9A1E7A4F7556}") = "Dry.Http", "src\Dry.Http\Dry.Http.csproj", "{195D4DAC-2D73-4031-AE99-290A20E4BBCF}"
EndProject
Global
	GlobalSection(SolutionConfigurationPlatforms) = preSolution
		Debug|Any CPU = Debug|Any CPU
		Release|Any CPU = Release|Any CPU
	EndGlobalSection
	GlobalSection(ProjectConfigurationPlatforms) = postSolution
		{CF0CBFA4-7DE2-40C9-BD11-5ABFDA1B5F24}.Debug|Any CPU.ActiveCfg = Debug|Any CPU
		{CF0CBFA4-7DE2-40C9-BD11-5ABFDA1B5F24}.Debug|Any CPU.Build.0 = Debug|Any CPU
		{CF0CBFA4-7DE2-40C9-BD11-5ABFDA1B5F24}.Release|Any CPU.ActiveCfg = Release|Any CPU
		{CF0CBFA4-7DE2-40C9-BD11-5ABFDA1B5F24}.Release|Any CPU.Build.0 = Release|Any CPU
		{206C086E-891E-4C6C-B90D-D213AA6A6FA0}.Debug|Any CPU.ActiveCfg = Debug|Any CPU
		{206C086E-891E-4C6C-B90D-D213AA6A6FA0}.Debug|Any CPU.Build.0 = Debug|Any CPU
		{206C086E-891E-4C6C-B90D-D213AA6A6FA0}.Release|Any CPU.ActiveCfg = Release|Any CPU
		{206C086E-891E-4C6C-B90D-D213AA6A6FA0}.Release|Any CPU.Build.0 = Release|Any CPU
		{F1C0C56D-3307-48C1-AA3F-39A976C84FED}.Debug|Any CPU.ActiveCfg = Debug|Any CPU
		{F1C0C56D-3307-48C1-AA3F-39A976C84FED}.Debug|Any CPU.Build.0 = Debug|Any CPU
		{F1C0C56D-3307-48C1-AA3F-39A976C84FED}.Release|Any CPU.ActiveCfg = Release|Any CPU
		{F1C0C56D-3307-48C1-AA3F-39A976C84FED}.Release|Any CPU.Build.0 = Release|Any CPU
		{BF17A9A5-8BD0-4BF5-833C-D80FDE40511C}.Debug|Any CPU.ActiveCfg = Debug|Any CPU
		{BF17A9A5-8BD0-4BF5-833C-D80FDE40511C}.Debug|Any CPU.Build.0 = Debug|Any CPU
		{BF17A9A5-8BD0-4BF5-833C-D80FDE40511C}.Release|Any CPU.ActiveCfg = Release|Any CPU
		{BF17A9A5-8BD0-4BF5-833C-D80FDE40511C}.Release|Any CPU.Build.0 = Release|Any CPU
		{0D19F260-D6E7-4A84-BADB-FEC1CBDE3911}.Debug|Any CPU.ActiveCfg = Debug|Any CPU
		{0D19F260-D6E7-4A84-BADB-FEC1CBDE3911}.Debug|Any CPU.Build.0 = Debug|Any CPU
		{0D19F260-D6E7-4A84-BADB-FEC1CBDE3911}.Release|Any CPU.ActiveCfg = Release|Any CPU
		{0D19F260-D6E7-4A84-BADB-FEC1CBDE3911}.Release|Any CPU.Build.0 = Release|Any CPU
		{01367A92-45C2-4A11-B288-4D16B5522852}.Debug|Any CPU.ActiveCfg = Debug|Any CPU
		{01367A92-45C2-4A11-B288-4D16B5522852}.Debug|Any CPU.Build.0 = Debug|Any CPU
		{01367A92-45C2-4A11-B288-4D16B5522852}.Release|Any CPU.ActiveCfg = Release|Any CPU
		{01367A92-45C2-4A11-B288-4D16B5522852}.Release|Any CPU.Build.0 = Release|Any CPU
		{A15C64DC-A0EE-4C4D-ACC2-E49BF30E2094}.Debug|Any CPU.ActiveCfg = Debug|Any CPU
		{A15C64DC-A0EE-4C4D-ACC2-E49BF30E2094}.Debug|Any CPU.Build.0 = Debug|Any CPU
		{A15C64DC-A0EE-4C4D-ACC2-E49BF30E2094}.Release|Any CPU.ActiveCfg = Release|Any CPU
		{A15C64DC-A0EE-4C4D-ACC2-E49BF30E2094}.Release|Any CPU.Build.0 = Release|Any CPU
		{10DB883D-D2AB-4312-A2DB-115B6EBBE0F6}.Debug|Any CPU.ActiveCfg = Debug|Any CPU
		{10DB883D-D2AB-4312-A2DB-115B6EBBE0F6}.Debug|Any CPU.Build.0 = Debug|Any CPU
		{10DB883D-D2AB-4312-A2DB-115B6EBBE0F6}.Release|Any CPU.ActiveCfg = Release|Any CPU
		{10DB883D-D2AB-4312-A2DB-115B6EBBE0F6}.Release|Any CPU.Build.0 = Release|Any CPU
		{7E0E04A8-B92A-4CFF-97A7-CD4024B6B736}.Debug|Any CPU.ActiveCfg = Debug|Any CPU
		{7E0E04A8-B92A-4CFF-97A7-CD4024B6B736}.Debug|Any CPU.Build.0 = Debug|Any CPU
		{7E0E04A8-B92A-4CFF-97A7-CD4024B6B736}.Release|Any CPU.ActiveCfg = Release|Any CPU
		{7E0E04A8-B92A-4CFF-97A7-CD4024B6B736}.Release|Any CPU.Build.0 = Release|Any CPU
		{7F6F5153-3449-489C-AA3F-4797867AE6FC}.Debug|Any CPU.ActiveCfg = Debug|Any CPU
		{7F6F5153-3449-489C-AA3F-4797867AE6FC}.Debug|Any CPU.Build.0 = Debug|Any CPU
		{7F6F5153-3449-489C-AA3F-4797867AE6FC}.Release|Any CPU.ActiveCfg = Release|Any CPU
		{7F6F5153-3449-489C-AA3F-4797867AE6FC}.Release|Any CPU.Build.0 = Release|Any CPU
		{368851DD-E8DB-4082-9C15-7F6AD544A7CA}.Debug|Any CPU.ActiveCfg = Debug|Any CPU
		{368851DD-E8DB-4082-9C15-7F6AD544A7CA}.Debug|Any CPU.Build.0 = Debug|Any CPU
		{368851DD-E8DB-4082-9C15-7F6AD544A7CA}.Release|Any CPU.ActiveCfg = Release|Any CPU
		{368851DD-E8DB-4082-9C15-7F6AD544A7CA}.Release|Any CPU.Build.0 = Release|Any CPU
		{CF243174-1334-4404-92BB-2A5C0134A690}.Debug|Any CPU.ActiveCfg = Debug|Any CPU
		{CF243174-1334-4404-92BB-2A5C0134A690}.Debug|Any CPU.Build.0 = Debug|Any CPU
		{CF243174-1334-4404-92BB-2A5C0134A690}.Release|Any CPU.ActiveCfg = Release|Any CPU
		{CF243174-1334-4404-92BB-2A5C0134A690}.Release|Any CPU.Build.0 = Release|Any CPU
		{0FDB7507-3B3D-4F74-8FFB-6443EA0B0CC5}.Debug|Any CPU.ActiveCfg = Debug|Any CPU
		{0FDB7507-3B3D-4F74-8FFB-6443EA0B0CC5}.Debug|Any CPU.Build.0 = Debug|Any CPU
		{0FDB7507-3B3D-4F74-8FFB-6443EA0B0CC5}.Release|Any CPU.ActiveCfg = Release|Any CPU
		{0FDB7507-3B3D-4F74-8FFB-6443EA0B0CC5}.Release|Any CPU.Build.0 = Release|Any CPU
		{CA92B82E-8012-44A6-8F01-EA8FBD44912F}.Debug|Any CPU.ActiveCfg = Debug|Any CPU
		{CA92B82E-8012-44A6-8F01-EA8FBD44912F}.Debug|Any CPU.Build.0 = Debug|Any CPU
		{CA92B82E-8012-44A6-8F01-EA8FBD44912F}.Release|Any CPU.ActiveCfg = Release|Any CPU
		{CA92B82E-8012-44A6-8F01-EA8FBD44912F}.Release|Any CPU.Build.0 = Release|Any CPU
		{A3A1E9B2-8D32-40AF-9A85-DA0756E03F97}.Debug|Any CPU.ActiveCfg = Debug|Any CPU
		{A3A1E9B2-8D32-40AF-9A85-DA0756E03F97}.Debug|Any CPU.Build.0 = Debug|Any CPU
		{A3A1E9B2-8D32-40AF-9A85-DA0756E03F97}.Release|Any CPU.ActiveCfg = Release|Any CPU
		{A3A1E9B2-8D32-40AF-9A85-DA0756E03F97}.Release|Any CPU.Build.0 = Release|Any CPU
		{79A0A264-925C-41C5-801C-81C8545FC314}.Debug|Any CPU.ActiveCfg = Debug|Any CPU
		{79A0A264-925C-41C5-801C-81C8545FC314}.Debug|Any CPU.Build.0 = Debug|Any CPU
		{79A0A264-925C-41C5-801C-81C8545FC314}.Release|Any CPU.ActiveCfg = Release|Any CPU
		{79A0A264-925C-41C5-801C-81C8545FC314}.Release|Any CPU.Build.0 = Release|Any CPU
		{8E2A8D46-7F24-44CD-A1DB-B81EEC1D1D2A}.Debug|Any CPU.ActiveCfg = Debug|Any CPU
		{8E2A8D46-7F24-44CD-A1DB-B81EEC1D1D2A}.Debug|Any CPU.Build.0 = Debug|Any CPU
		{8E2A8D46-7F24-44CD-A1DB-B81EEC1D1D2A}.Release|Any CPU.ActiveCfg = Release|Any CPU
		{8E2A8D46-7F24-44CD-A1DB-B81EEC1D1D2A}.Release|Any CPU.Build.0 = Release|Any CPU
		{76874495-C4BB-49C8-B461-F594FBCAA080}.Debug|Any CPU.ActiveCfg = Debug|Any CPU
		{76874495-C4BB-49C8-B461-F594FBCAA080}.Debug|Any CPU.Build.0 = Debug|Any CPU
		{76874495-C4BB-49C8-B461-F594FBCAA080}.Release|Any CPU.ActiveCfg = Release|Any CPU
		{76874495-C4BB-49C8-B461-F594FBCAA080}.Release|Any CPU.Build.0 = Release|Any CPU
		{3C371B08-235C-455F-805A-CA5154019DAC}.Debug|Any CPU.ActiveCfg = Debug|Any CPU
		{3C371B08-235C-455F-805A-CA5154019DAC}.Debug|Any CPU.Build.0 = Debug|Any CPU
		{3C371B08-235C-455F-805A-CA5154019DAC}.Release|Any CPU.ActiveCfg = Release|Any CPU
		{3C371B08-235C-455F-805A-CA5154019DAC}.Release|Any CPU.Build.0 = Release|Any CPU
		{748C1ADA-5D7E-45EF-A0C2-B65DD1235750}.Debug|Any CPU.ActiveCfg = Debug|Any CPU
		{748C1ADA-5D7E-45EF-A0C2-B65DD1235750}.Debug|Any CPU.Build.0 = Debug|Any CPU
		{748C1ADA-5D7E-45EF-A0C2-B65DD1235750}.Release|Any CPU.ActiveCfg = Release|Any CPU
		{748C1ADA-5D7E-45EF-A0C2-B65DD1235750}.Release|Any CPU.Build.0 = Release|Any CPU
		{C108AE49-8E20-405F-B8FF-BDE58DC7922F}.Debug|Any CPU.ActiveCfg = Debug|Any CPU
		{C108AE49-8E20-405F-B8FF-BDE58DC7922F}.Debug|Any CPU.Build.0 = Debug|Any CPU
		{C108AE49-8E20-405F-B8FF-BDE58DC7922F}.Release|Any CPU.ActiveCfg = Release|Any CPU
		{C108AE49-8E20-405F-B8FF-BDE58DC7922F}.Release|Any CPU.Build.0 = Release|Any CPU
		{BE392E84-4356-4E93-9D94-B07A5AD8AE9E}.Debug|Any CPU.ActiveCfg = Debug|Any CPU
		{BE392E84-4356-4E93-9D94-B07A5AD8AE9E}.Debug|Any CPU.Build.0 = Debug|Any CPU
		{BE392E84-4356-4E93-9D94-B07A5AD8AE9E}.Release|Any CPU.ActiveCfg = Release|Any CPU
		{BE392E84-4356-4E93-9D94-B07A5AD8AE9E}.Release|Any CPU.Build.0 = Release|Any CPU
		{AB2B26AB-4E6D-4F5C-949C-00C655B88ADB}.Debug|Any CPU.ActiveCfg = Debug|Any CPU
		{AB2B26AB-4E6D-4F5C-949C-00C655B88ADB}.Debug|Any CPU.Build.0 = Debug|Any CPU
		{AB2B26AB-4E6D-4F5C-949C-00C655B88ADB}.Release|Any CPU.ActiveCfg = Release|Any CPU
		{AB2B26AB-4E6D-4F5C-949C-00C655B88ADB}.Release|Any CPU.Build.0 = Release|Any CPU
		{9F0093B4-AE13-4529-917F-B14EC7A2B1DC}.Debug|Any CPU.ActiveCfg = Debug|Any CPU
		{9F0093B4-AE13-4529-917F-B14EC7A2B1DC}.Debug|Any CPU.Build.0 = Debug|Any CPU
		{9F0093B4-AE13-4529-917F-B14EC7A2B1DC}.Release|Any CPU.ActiveCfg = Release|Any CPU
		{9F0093B4-AE13-4529-917F-B14EC7A2B1DC}.Release|Any CPU.Build.0 = Release|Any CPU
		{195D4DAC-2D73-4031-AE99-290A20E4BBCF}.Debug|Any CPU.ActiveCfg = Debug|Any CPU
		{195D4DAC-2D73-4031-AE99-290A20E4BBCF}.Debug|Any CPU.Build.0 = Debug|Any CPU
		{195D4DAC-2D73-4031-AE99-290A20E4BBCF}.Release|Any CPU.ActiveCfg = Release|Any CPU
		{195D4DAC-2D73-4031-AE99-290A20E4BBCF}.Release|Any CPU.Build.0 = Release|Any CPU
	EndGlobalSection
	GlobalSection(SolutionProperties) = preSolution
		HideSolutionNode = FALSE
	EndGlobalSection
	GlobalSection(NestedProjects) = preSolution
		{CF0CBFA4-7DE2-40C9-BD11-5ABFDA1B5F24} = {3C34AD39-6105-4C21-81C3-CF4AEA4A24CB}
		{206C086E-891E-4C6C-B90D-D213AA6A6FA0} = {3C34AD39-6105-4C21-81C3-CF4AEA4A24CB}
		{F1C0C56D-3307-48C1-AA3F-39A976C84FED} = {3C34AD39-6105-4C21-81C3-CF4AEA4A24CB}
		{BF17A9A5-8BD0-4BF5-833C-D80FDE40511C} = {3C34AD39-6105-4C21-81C3-CF4AEA4A24CB}
		{0D19F260-D6E7-4A84-BADB-FEC1CBDE3911} = {A4FF2133-84BD-4249-9992-1EE97EBD520E}
		{01367A92-45C2-4A11-B288-4D16B5522852} = {A4FF2133-84BD-4249-9992-1EE97EBD520E}
		{A15C64DC-A0EE-4C4D-ACC2-E49BF30E2094} = {A4FF2133-84BD-4249-9992-1EE97EBD520E}
		{10DB883D-D2AB-4312-A2DB-115B6EBBE0F6} = {A4FF2133-84BD-4249-9992-1EE97EBD520E}
		{7E0E04A8-B92A-4CFF-97A7-CD4024B6B736} = {A4FF2133-84BD-4249-9992-1EE97EBD520E}
		{7F6F5153-3449-489C-AA3F-4797867AE6FC} = {A4FF2133-84BD-4249-9992-1EE97EBD520E}
		{368851DD-E8DB-4082-9C15-7F6AD544A7CA} = {A4FF2133-84BD-4249-9992-1EE97EBD520E}
		{CF243174-1334-4404-92BB-2A5C0134A690} = {A4FF2133-84BD-4249-9992-1EE97EBD520E}
		{0FDB7507-3B3D-4F74-8FFB-6443EA0B0CC5} = {A4FF2133-84BD-4249-9992-1EE97EBD520E}
		{CA92B82E-8012-44A6-8F01-EA8FBD44912F} = {A4FF2133-84BD-4249-9992-1EE97EBD520E}
		{A3A1E9B2-8D32-40AF-9A85-DA0756E03F97} = {A4FF2133-84BD-4249-9992-1EE97EBD520E}
		{E1EA20BB-B8C7-468F-8B9B-E83578E27D4C} = {4B6D7D6B-9867-4E0B-9998-F6C112EA7466}
		{79A0A264-925C-41C5-801C-81C8545FC314} = {E1EA20BB-B8C7-468F-8B9B-E83578E27D4C}
		{8E2A8D46-7F24-44CD-A1DB-B81EEC1D1D2A} = {E1EA20BB-B8C7-468F-8B9B-E83578E27D4C}
		{76874495-C4BB-49C8-B461-F594FBCAA080} = {E1EA20BB-B8C7-468F-8B9B-E83578E27D4C}
		{3C371B08-235C-455F-805A-CA5154019DAC} = {E1EA20BB-B8C7-468F-8B9B-E83578E27D4C}
		{748C1ADA-5D7E-45EF-A0C2-B65DD1235750} = {E1EA20BB-B8C7-468F-8B9B-E83578E27D4C}
		{C108AE49-8E20-405F-B8FF-BDE58DC7922F} = {E1EA20BB-B8C7-468F-8B9B-E83578E27D4C}
		{BE392E84-4356-4E93-9D94-B07A5AD8AE9E} = {E1EA20BB-B8C7-468F-8B9B-E83578E27D4C}
		{AB2B26AB-4E6D-4F5C-949C-00C655B88ADB} = {E1EA20BB-B8C7-468F-8B9B-E83578E27D4C}
		{9F0093B4-AE13-4529-917F-B14EC7A2B1DC} = {E1EA20BB-B8C7-468F-8B9B-E83578E27D4C}
		{195D4DAC-2D73-4031-AE99-290A20E4BBCF} = {A4FF2133-84BD-4249-9992-1EE97EBD520E}
	EndGlobalSection
	GlobalSection(ExtensibilityGlobals) = postSolution
		SolutionGuid = {3ABDEA62-D172-4A7E-9682-42FB8EADFDFB}
	EndGlobalSection
EndGlobal
